
Microsoft Visual Studio Solution File, Format Version 12.00
# Visual Studio Version 16
VisualStudioVersion = 16.0.29503.13
MinimumVisualStudioVersion = 10.0.40219.1
Project("{FAE04EC0-301F-11D3-BF4B-00C04F79EFBC}") = "BlackJack", "BlackJack\BlackJack.csproj", "{DAD1B4DC-580B-48FA-BF7E-45455EC36AA5}"
EndProject
Global
	GlobalSection(SolutionConfigurationPlatforms) = preSolution
		Debug|Any CPU = Debug|Any CPU
		Release|Any CPU = Release|Any CPU
	EndGlobalSection
	GlobalSection(ProjectConfigurationPlatforms) = postSolution
		{DAD1B4DC-580B-48FA-BF7E-45455EC36AA5}.Debug|Any CPU.ActiveCfg = Debug|Any CPU
		{DAD1B4DC-580B-48FA-BF7E-45455EC36AA5}.Debug|Any CPU.Build.0 = Debug|Any CPU
		{DAD1B4DC-580B-48FA-BF7E-45455EC36AA5}.Release|Any CPU.ActiveCfg = Release|Any CPU
		{DAD1B4DC-580B-48FA-BF7E-45455EC36AA5}.Release|Any CPU.Build.0 = Release|Any CPU
	EndGlobalSection
	GlobalSection(SolutionProperties) = preSolution
		HideSolutionNode = FALSE
	EndGlobalSection
	GlobalSection(ExtensibilityGlobals) = postSolution
		SolutionGuid = {F7AFEAB7-4C92-40B3-9B31-4CDE9EFB1BCD}
	EndGlobalSection
EndGlobal
